
Microsoft Visual Studio Solution File, Format Version 12.00
# Visual Studio Version 16
VisualStudioVersion = 16.0.30011.22
MinimumVisualStudioVersion = 10.0.40219.1
Project("{FAE04EC0-301F-11D3-BF4B-00C04F79EFBC}") = "TransportSystem", "TransportSystem\TransportSystem.csproj", "{4AE6532A-E755-47EA-A709-D1A4B9B9B960}"
EndProject
Project("{54435603-DBB4-11D2-8724-00A0C9A8B90C}") = "Transport System", "Transport System\Transport System.vdproj", "{04934793-C101-49BC-AF3A-16F199209610}"
EndProject
Global
	GlobalSection(SolutionConfigurationPlatforms) = preSolution
		Debug|Any CPU = Debug|Any CPU
		Release|Any CPU = Release|Any CPU
	EndGlobalSection
	GlobalSection(ProjectConfigurationPlatforms) = postSolution
		{4AE6532A-E755-47EA-A709-D1A4B9B9B960}.Debug|Any CPU.ActiveCfg = Debug|Any CPU
		{4AE6532A-E755-47EA-A709-D1A4B9B9B960}.Debug|Any CPU.Build.0 = Debug|Any CPU
		{4AE6532A-E755-47EA-A709-D1A4B9B9B960}.Release|Any CPU.ActiveCfg = Release|Any CPU
		{4AE6532A-E755-47EA-A709-D1A4B9B9B960}.Release|Any CPU.Build.0 = Release|Any CPU
		{04934793-C101-49BC-AF3A-16F199209610}.Debug|Any CPU.ActiveCfg = Debug
		{04934793-C101-49BC-AF3A-16F199209610}.Release|Any CPU.ActiveCfg = Release
	EndGlobalSection
	GlobalSection(SolutionProperties) = preSolution
		HideSolutionNode = FALSE
	EndGlobalSection
	GlobalSection(ExtensibilityGlobals) = postSolution
		SolutionGuid = {2E3EDBF3-D427-4452-96F9-16F80A888C6A}
	EndGlobalSection
EndGlobal
